
Microsoft Visual Studio Solution File, Format Version 12.00
# Visual Studio Version 16
VisualStudioVersion = 16.0.31205.134
MinimumVisualStudioVersion = 10.0.40219.1
Project("{FAE04EC0-301F-11D3-BF4B-00C04F79EFBC}") = "AddressManager", "AddressManager\AddressManager.csproj", "{1F5C86EB-9977-4F55-8E05-538708662F54}"
EndProject
Global
	GlobalSection(SolutionConfigurationPlatforms) = preSolution
		Debug|Any CPU = Debug|Any CPU
		Release|Any CPU = Release|Any CPU
	EndGlobalSection
	GlobalSection(ProjectConfigurationPlatforms) = postSolution
		{1F5C86EB-9977-4F55-8E05-538708662F54}.Debug|Any CPU.ActiveCfg = Debug|Any CPU
		{1F5C86EB-9977-4F55-8E05-538708662F54}.Debug|Any CPU.Build.0 = Debug|Any CPU
		{1F5C86EB-9977-4F55-8E05-538708662F54}.Release|Any CPU.ActiveCfg = Release|Any CPU
		{1F5C86EB-9977-4F55-8E05-538708662F54}.Release|Any CPU.Build.0 = Release|Any CPU
	EndGlobalSection
	GlobalSection(SolutionProperties) = preSolution
		HideSolutionNode = FALSE
	EndGlobalSection
	GlobalSection(ExtensibilityGlobals) = postSolution
		SolutionGuid = {4B0C43EE-6AD8-41D9-BF0B-CB1FABE1919E}
	EndGlobalSection
EndGlobal
